
Microsoft Visual Studio Solution File, Format Version 12.00
# Visual Studio 15
VisualStudioVersion = 15.0.28010.0
MinimumVisualStudioVersion = 10.0.40219.1
Project("{FAE04EC0-301F-11D3-BF4B-00C04F79EFBC}") = "SalaryCalculator", "SalaryCalculator\SalaryCalculator.csproj", "{4E1951E3-E187-46B8-88E3-40734EE64F06}"
EndProject
Project("{FAE04EC0-301F-11D3-BF4B-00C04F79EFBC}") = "SalaryCalculator_Tests", "SalaryCalculator_Tests\SalaryCalculator_Tests.csproj", "{28EFCA99-7E6E-4749-B695-3754759453DB}"
EndProject
Global
	GlobalSection(SolutionConfigurationPlatforms) = preSolution
		Debug|Any CPU = Debug|Any CPU
		Release|Any CPU = Release|Any CPU
	EndGlobalSection
	GlobalSection(ProjectConfigurationPlatforms) = postSolution
		{4E1951E3-E187-46B8-88E3-40734EE64F06}.Debug|Any CPU.ActiveCfg = Debug|Any CPU
		{4E1951E3-E187-46B8-88E3-40734EE64F06}.Debug|Any CPU.Build.0 = Debug|Any CPU
		{4E1951E3-E187-46B8-88E3-40734EE64F06}.Release|Any CPU.ActiveCfg = Release|Any CPU
		{4E1951E3-E187-46B8-88E3-40734EE64F06}.Release|Any CPU.Build.0 = Release|Any CPU
		{28EFCA99-7E6E-4749-B695-3754759453DB}.Debug|Any CPU.ActiveCfg = Debug|Any CPU
		{28EFCA99-7E6E-4749-B695-3754759453DB}.Debug|Any CPU.Build.0 = Debug|Any CPU
		{28EFCA99-7E6E-4749-B695-3754759453DB}.Release|Any CPU.ActiveCfg = Release|Any CPU
		{28EFCA99-7E6E-4749-B695-3754759453DB}.Release|Any CPU.Build.0 = Release|Any CPU
	EndGlobalSection
	GlobalSection(SolutionProperties) = preSolution
		HideSolutionNode = FALSE
	EndGlobalSection
	GlobalSection(ExtensibilityGlobals) = postSolution
		SolutionGuid = {B824031F-CC83-484B-A844-1A7DA40F27C0}
	EndGlobalSection
EndGlobal
